Microsoft Visual Studio Solution File, Format Version 10.00
# Visual Studio 2008
Project("{8BC9CEB8-8B4A-11D0-8D11-00A0C91BC942}") = "ALL_BUILD", "ALL_BUILD.vcproj", "{288D0DA2-25C6-496B-92E2-60625B4587C1}"
	ProjectSection(ProjectDependencies) = postProject
		{AFBB2D52-E8C9-401C-9E1B-09F4B7453329} = {AFBB2D52-E8C9-401C-9E1B-09F4B7453329}
		{473963C5-441C-4AA2-86D6-DEDED9C40229} = {473963C5-441C-4AA2-86D6-DEDED9C40229}
		{B5CDC6BA-E985-44F8-9A70-7ABE6BEF0106} = {B5CDC6BA-E985-44F8-9A70-7ABE6BEF0106}
		{BDFE0797-5A13-4AEB-AECC-0AED31745A39} = {BDFE0797-5A13-4AEB-AECC-0AED31745A39}
		{E5CE06CC-FC44-4E00-8B03-41615FF3F29B} = {E5CE06CC-FC44-4E00-8B03-41615FF3F29B}
		{8DD1EFE1-41F2-4224-BD49-71530392AD80} = {8DD1EFE1-41F2-4224-BD49-71530392AD80}
	EndProjectSection
EndProject
Project("{8BC9CEB8-8B4A-11D0-8D11-00A0C91BC942}") = "INSTALL", "INSTALL.vcproj", "{78D7738B-E792-452C-921B-3656D3E8CA55}"
	ProjectSection(ProjectDependencies) = postProject
		{288D0DA2-25C6-496B-92E2-60625B4587C1} = {288D0DA2-25C6-496B-92E2-60625B4587C1}
	EndProjectSection
EndProject
Project("{8BC9CEB8-8B4A-11D0-8D11-00A0C91BC942}") = "PACKAGE", "PACKAGE.vcproj", "{A4C25B2D-7E6A-450E-8041-1123291876DA}"
	ProjectSection(ProjectDependencies) = postProject
		{288D0DA2-25C6-496B-92E2-60625B4587C1} = {288D0DA2-25C6-496B-92E2-60625B4587C1}
	EndProjectSection
EndProject
Project("{8BC9CEB8-8B4A-11D0-8D11-00A0C91BC942}") = "RUN_TESTS", "RUN_TESTS.vcproj", "{7C5375C3-2071-4BB4-9672-05350063C09A}"
	ProjectSection(ProjectDependencies) = postProject
	EndProjectSection
EndProject
Project("{8BC9CEB8-8B4A-11D0-8D11-00A0C91BC942}") = "ZERO_CHECK", "..\\ZERO_CHECK.vcproj", "{E8962B06-1C16-4193-9EFE-74B831A2DAD7}"
	ProjectSection(ProjectDependencies) = postProject
	EndProjectSection
EndProject
Project("{8BC9CEB8-8B4A-11D0-8D11-00A0C91BC942}") = "backend", "..\GCC\gcc\backend.vcproj", "{075A2E24-19FE-474D-867C-4CA271A1223A}"
	ProjectSection(ProjectDependencies) = postProject
		{E8962B06-1C16-4193-9EFE-74B831A2DAD7} = {E8962B06-1C16-4193-9EFE-74B831A2DAD7}
		{3F1DD24F-0CD7-4FD9-945F-22D5782EDE8F} = {3F1DD24F-0CD7-4FD9-945F-22D5782EDE8F}
		{18D29D6F-5B16-42C0-B812-65E1DF30A86B} = {18D29D6F-5B16-42C0-B812-65E1DF30A86B}
		{6840002D-4393-49D8-BC84-F03D7F8F3190} = {6840002D-4393-49D8-BC84-F03D7F8F3190}
		{586DDAAA-BD78-473D-89B0-FFD4F3A530F1} = {586DDAAA-BD78-473D-89B0-FFD4F3A530F1}
		{AF462F4C-1A19-4196-9321-6877C19AF100} = {AF462F4C-1A19-4196-9321-6877C19AF100}
		{7A6F4005-2122-4173-9C57-B1C029258D03} = {7A6F4005-2122-4173-9C57-B1C029258D03}
		{678F070D-E23E-414D-B861-11EB762EE6AE} = {678F070D-E23E-414D-B861-11EB762EE6AE}
		{CC237926-DB17-4F27-9A4E-B4B62F035325} = {CC237926-DB17-4F27-9A4E-B4B62F035325}
		{CEBE15C6-6DBB-4172-A253-8A6CC665B85B} = {CEBE15C6-6DBB-4172-A253-8A6CC665B85B}
		{544E4B44-601C-4962-B8A8-AF6CD83F206F} = {544E4B44-601C-4962-B8A8-AF6CD83F206F}
		{59A5B485-41ED-47EC-8030-8988EB8084E1} = {59A5B485-41ED-47EC-8030-8988EB8084E1}
		{D515D7CD-BA0D-48A1-A890-57F337FCB24D} = {D515D7CD-BA0D-48A1-A890-57F337FCB24D}
		{18F8145F-D314-4A26-9369-A4999EEC25FF} = {18F8145F-D314-4A26-9369-A4999EEC25FF}
		{74D0CA1F-D931-402B-925E-185123B043AE} = {74D0CA1F-D931-402B-925E-185123B043AE}
		{BFAA5475-10DD-4BC7-B345-C711B70CB6FF} = {BFAA5475-10DD-4BC7-B345-C711B70CB6FF}
		{1F7204D3-8729-42FF-8306-4F360B1774B7} = {1F7204D3-8729-42FF-8306-4F360B1774B7}
		{C2169CE8-AAD5-4768-9089-01CE621D3741} = {C2169CE8-AAD5-4768-9089-01CE621D3741}
		{88B36F52-F6BE-4FDC-A88F-2B0A36680671} = {88B36F52-F6BE-4FDC-A88F-2B0A36680671}
	EndProjectSection
EndProject
Project("{8BC9CEB8-8B4A-11D0-8D11-00A0C91BC942}") = "cpp", "..\GCC\libcpp\cpp.vcproj", "{CC557AEC-FC40-4485-9CF3-159A35102C33}"
	ProjectSection(ProjectDependencies) = postProject
		{E8962B06-1C16-4193-9EFE-74B831A2DAD7} = {E8962B06-1C16-4193-9EFE-74B831A2DAD7}
		{C2C88F9F-59A6-41AE-85A8-FE75E5E01CAA} = {C2C88F9F-59A6-41AE-85A8-FE75E5E01CAA}
	EndProjectSection
EndProject
Project("{8BC9CEB8-8B4A-11D0-8D11-00A0C91BC942}") = "decnumber", "..\GCC\libdecnumber\decnumber.vcproj", "{3C20C068-C69C-49BB-A9F2-7EEC2762D1B3}"
	ProjectSection(ProjectDependencies) = postProject
		{E8962B06-1C16-4193-9EFE-74B831A2DAD7} = {E8962B06-1C16-4193-9EFE-74B831A2DAD7}
	EndProjectSection
EndProject
Project("{8BC9CEB8-8B4A-11D0-8D11-00A0C91BC942}") = "documentation", "GXFront\documentation.vcproj", "{AFBB2D52-E8C9-401C-9E1B-09F4B7453329}"
	ProjectSection(ProjectDependencies) = postProject
		{E8962B06-1C16-4193-9EFE-74B831A2DAD7} = {E8962B06-1C16-4193-9EFE-74B831A2DAD7}
		{473963C5-441C-4AA2-86D6-DEDED9C40229} = {473963C5-441C-4AA2-86D6-DEDED9C40229}
	EndProjectSection
EndProject
Project("{8BC9CEB8-8B4A-11D0-8D11-00A0C91BC942}") = "gccxml", "GXFront\gccxml.vcproj", "{473963C5-441C-4AA2-86D6-DEDED9C40229}"
	ProjectSection(ProjectDependencies) = postProject
		{E8962B06-1C16-4193-9EFE-74B831A2DAD7} = {E8962B06-1C16-4193-9EFE-74B831A2DAD7}
		{5391A265-5482-480E-B62D-C8D4CFCFA512} = {5391A265-5482-480E-B62D-C8D4CFCFA512}
		{BDFE0797-5A13-4AEB-AECC-0AED31745A39} = {BDFE0797-5A13-4AEB-AECC-0AED31745A39}
		{D9C646AA-6956-4731-8688-453A33E5BFAD} = {D9C646AA-6956-4731-8688-453A33E5BFAD}
	EndProjectSection
EndProject
Project("{8BC9CEB8-8B4A-11D0-8D11-00A0C91BC942}") = "gccxml_cc1plus", "..\GCC\gcc\cp\gccxml_cc1plus.vcproj", "{5391A265-5482-480E-B62D-C8D4CFCFA512}"
	ProjectSection(ProjectDependencies) = postProject
		{E8962B06-1C16-4193-9EFE-74B831A2DAD7} = {E8962B06-1C16-4193-9EFE-74B831A2DAD7}
		{075A2E24-19FE-474D-867C-4CA271A1223A} = {075A2E24-19FE-474D-867C-4CA271A1223A}
		{CC557AEC-FC40-4485-9CF3-159A35102C33} = {CC557AEC-FC40-4485-9CF3-159A35102C33}
		{3C20C068-C69C-49BB-A9F2-7EEC2762D1B3} = {3C20C068-C69C-49BB-A9F2-7EEC2762D1B3}
		{C2C88F9F-59A6-41AE-85A8-FE75E5E01CAA} = {C2C88F9F-59A6-41AE-85A8-FE75E5E01CAA}
	EndProjectSection
EndProject
Project("{8BC9CEB8-8B4A-11D0-8D11-00A0C91BC942}") = "gccxml_vcconfig", "VcInstall\gccxml_vcconfig.vcproj", "{B5CDC6BA-E985-44F8-9A70-7ABE6BEF0106}"
	ProjectSection(ProjectDependencies) = postProject
		{E8962B06-1C16-4193-9EFE-74B831A2DAD7} = {E8962B06-1C16-4193-9EFE-74B831A2DAD7}
		{BDFE0797-5A13-4AEB-AECC-0AED31745A39} = {BDFE0797-5A13-4AEB-AECC-0AED31745A39}
	EndProjectSection
EndProject
Project("{8BC9CEB8-8B4A-11D0-8D11-00A0C91BC942}") = "gcov_iov", "..\GCC\gcc\gcov_iov.vcproj", "{3F1DD24F-0CD7-4FD9-945F-22D5782EDE8F}"
	ProjectSection(ProjectDependencies) = postProject
		{E8962B06-1C16-4193-9EFE-74B831A2DAD7} = {E8962B06-1C16-4193-9EFE-74B831A2DAD7}
	EndProjectSection
EndProject
Project("{8BC9CEB8-8B4A-11D0-8D11-00A0C91BC942}") = "gen", "..\GCC\gcc\gen.vcproj", "{8B888087-5250-4A86-B517-6F85765FCCE7}"
	ProjectSection(ProjectDependencies) = postProject
		{E8962B06-1C16-4193-9EFE-74B831A2DAD7} = {E8962B06-1C16-4193-9EFE-74B831A2DAD7}
		{21FCC029-7078-49B2-A607-080BB7EE21E5} = {21FCC029-7078-49B2-A607-080BB7EE21E5}
		{D515D7CD-BA0D-48A1-A890-57F337FCB24D} = {D515D7CD-BA0D-48A1-A890-57F337FCB24D}
		{18F8145F-D314-4A26-9369-A4999EEC25FF} = {18F8145F-D314-4A26-9369-A4999EEC25FF}
		{5D1C4E60-9E86-4AA7-AE5B-861255F2864B} = {5D1C4E60-9E86-4AA7-AE5B-861255F2864B}
		{C2C88F9F-59A6-41AE-85A8-FE75E5E01CAA} = {C2C88F9F-59A6-41AE-85A8-FE75E5E01CAA}
	EndProjectSection
EndProject
Project("{8BC9CEB8-8B4A-11D0-8D11-00A0C91BC942}") = "genattr", "..\GCC\gcc\genattr.vcproj", "{18D29D6F-5B16-42C0-B812-65E1DF30A86B}"
	ProjectSection(ProjectDependencies) = postProject
		{E8962B06-1C16-4193-9EFE-74B831A2DAD7} = {E8962B06-1C16-4193-9EFE-74B831A2DAD7}
		{8B888087-5250-4A86-B517-6F85765FCCE7} = {8B888087-5250-4A86-B517-6F85765FCCE7}
		{C2C88F9F-59A6-41AE-85A8-FE75E5E01CAA} = {C2C88F9F-59A6-41AE-85A8-FE75E5E01CAA}
	EndProjectSection
EndProject
Project("{8BC9CEB8-8B4A-11D0-8D11-00A0C91BC942}") = "genattrtab", "..\GCC\gcc\genattrtab.vcproj", "{6840002D-4393-49D8-BC84-F03D7F8F3190}"
	ProjectSection(ProjectDependencies) = postProject
		{E8962B06-1C16-4193-9EFE-74B831A2DAD7} = {E8962B06-1C16-4193-9EFE-74B831A2DAD7}
		{8B888087-5250-4A86-B517-6F85765FCCE7} = {8B888087-5250-4A86-B517-6F85765FCCE7}
		{C2C88F9F-59A6-41AE-85A8-FE75E5E01CAA} = {C2C88F9F-59A6-41AE-85A8-FE75E5E01CAA}
	EndProjectSection
EndProject
Project("{8BC9CEB8-8B4A-11D0-8D11-00A0C91BC942}") = "genautomata", "..\GCC\gcc\genautomata.vcproj", "{586DDAAA-BD78-473D-89B0-FFD4F3A530F1}"
	ProjectSection(ProjectDependencies) = postProject
		{E8962B06-1C16-4193-9EFE-74B831A2DAD7} = {E8962B06-1C16-4193-9EFE-74B831A2DAD7}
		{8B888087-5250-4A86-B517-6F85765FCCE7} = {8B888087-5250-4A86-B517-6F85765FCCE7}
		{C2C88F9F-59A6-41AE-85A8-FE75E5E01CAA} = {C2C88F9F-59A6-41AE-85A8-FE75E5E01CAA}
	EndProjectSection
EndProject
Project("{8BC9CEB8-8B4A-11D0-8D11-00A0C91BC942}") = "gencheck", "..\GCC\gcc\gencheck.vcproj", "{21FCC029-7078-49B2-A607-080BB7EE21E5}"
	ProjectSection(ProjectDependencies) = postProject
		{E8962B06-1C16-4193-9EFE-74B831A2DAD7} = {E8962B06-1C16-4193-9EFE-74B831A2DAD7}
		{5D1C4E60-9E86-4AA7-AE5B-861255F2864B} = {5D1C4E60-9E86-4AA7-AE5B-861255F2864B}
		{C2C88F9F-59A6-41AE-85A8-FE75E5E01CAA} = {C2C88F9F-59A6-41AE-85A8-FE75E5E01CAA}
	EndProjectSection
EndProject
Project("{8BC9CEB8-8B4A-11D0-8D11-00A0C91BC942}") = "gencodes", "..\GCC\gcc\gencodes.vcproj", "{AF462F4C-1A19-4196-9321-6877C19AF100}"
	ProjectSection(ProjectDependencies) = postProject
		{E8962B06-1C16-4193-9EFE-74B831A2DAD7} = {E8962B06-1C16-4193-9EFE-74B831A2DAD7}
		{8B888087-5250-4A86-B517-6F85765FCCE7} = {8B888087-5250-4A86-B517-6F85765FCCE7}
		{C2C88F9F-59A6-41AE-85A8-FE75E5E01CAA} = {C2C88F9F-59A6-41AE-85A8-FE75E5E01CAA}
	EndProjectSection
EndProject
Project("{8BC9CEB8-8B4A-11D0-8D11-00A0C91BC942}") = "genconditions", "..\GCC\gcc\genconditions.vcproj", "{283759FC-2AB6-4805-8332-C57DB041FDC8}"
	ProjectSection(ProjectDependencies) = postProject
		{E8962B06-1C16-4193-9EFE-74B831A2DAD7} = {E8962B06-1C16-4193-9EFE-74B831A2DAD7}
		{8B888087-5250-4A86-B517-6F85765FCCE7} = {8B888087-5250-4A86-B517-6F85765FCCE7}
		{C2C88F9F-59A6-41AE-85A8-FE75E5E01CAA} = {C2C88F9F-59A6-41AE-85A8-FE75E5E01CAA}
	EndProjectSection
EndProject
Project("{8BC9CEB8-8B4A-11D0-8D11-00A0C91BC942}") = "gencondmd", "..\GCC\gcc\gencondmd.vcproj", "{7A6F4005-2122-4173-9C57-B1C029258D03}"
	ProjectSection(ProjectDependencies) = postProject
		{E8962B06-1C16-4193-9EFE-74B831A2DAD7} = {E8962B06-1C16-4193-9EFE-74B831A2DAD7}
		{8B888087-5250-4A86-B517-6F85765FCCE7} = {8B888087-5250-4A86-B517-6F85765FCCE7}
		{283759FC-2AB6-4805-8332-C57DB041FDC8} = {283759FC-2AB6-4805-8332-C57DB041FDC8}
		{3375B1C2-9684-4D12-907C-1AF5852546A3} = {3375B1C2-9684-4D12-907C-1AF5852546A3}
		{C2169CE8-AAD5-4768-9089-01CE621D3741} = {C2169CE8-AAD5-4768-9089-01CE621D3741}
		{C2C88F9F-59A6-41AE-85A8-FE75E5E01CAA} = {C2C88F9F-59A6-41AE-85A8-FE75E5E01CAA}
	EndProjectSection
EndProject
Project("{8BC9CEB8-8B4A-11D0-8D11-00A0C91BC942}") = "genconfig", "..\GCC\gcc\genconfig.vcproj", "{678F070D-E23E-414D-B861-11EB762EE6AE}"
	ProjectSection(ProjectDependencies) = postProject
		{E8962B06-1C16-4193-9EFE-74B831A2DAD7} = {E8962B06-1C16-4193-9EFE-74B831A2DAD7}
		{8B888087-5250-4A86-B517-6F85765FCCE7} = {8B888087-5250-4A86-B517-6F85765FCCE7}
		{C2C88F9F-59A6-41AE-85A8-FE75E5E01CAA} = {C2C88F9F-59A6-41AE-85A8-FE75E5E01CAA}
	EndProjectSection
EndProject
Project("{8BC9CEB8-8B4A-11D0-8D11-00A0C91BC942}") = "genconstants", "..\GCC\gcc\genconstants.vcproj", "{3375B1C2-9684-4D12-907C-1AF5852546A3}"
	ProjectSection(ProjectDependencies) = postProject
		{E8962B06-1C16-4193-9EFE-74B831A2DAD7} = {E8962B06-1C16-4193-9EFE-74B831A2DAD7}
		{8B888087-5250-4A86-B517-6F85765FCCE7} = {8B888087-5250-4A86-B517-6F85765FCCE7}
		{C2C88F9F-59A6-41AE-85A8-FE75E5E01CAA} = {C2C88F9F-59A6-41AE-85A8-FE75E5E01CAA}
	EndProjectSection
EndProject
Project("{8BC9CEB8-8B4A-11D0-8D11-00A0C91BC942}") = "genemit", "..\GCC\gcc\genemit.vcproj", "{CC237926-DB17-4F27-9A4E-B4B62F035325}"
	ProjectSection(ProjectDependencies) = postProject
		{E8962B06-1C16-4193-9EFE-74B831A2DAD7} = {E8962B06-1C16-4193-9EFE-74B831A2DAD7}
		{8B888087-5250-4A86-B517-6F85765FCCE7} = {8B888087-5250-4A86-B517-6F85765FCCE7}
		{C2C88F9F-59A6-41AE-85A8-FE75E5E01CAA} = {C2C88F9F-59A6-41AE-85A8-FE75E5E01CAA}
	EndProjectSection
EndProject
Project("{8BC9CEB8-8B4A-11D0-8D11-00A0C91BC942}") = "genextract", "..\GCC\gcc\genextract.vcproj", "{CEBE15C6-6DBB-4172-A253-8A6CC665B85B}"
	ProjectSection(ProjectDependencies) = postProject
		{E8962B06-1C16-4193-9EFE-74B831A2DAD7} = {E8962B06-1C16-4193-9EFE-74B831A2DAD7}
		{8B888087-5250-4A86-B517-6F85765FCCE7} = {8B888087-5250-4A86-B517-6F85765FCCE7}
		{C2C88F9F-59A6-41AE-85A8-FE75E5E01CAA} = {C2C88F9F-59A6-41AE-85A8-FE75E5E01CAA}
	EndProjectSection
EndProject
Project("{8BC9CEB8-8B4A-11D0-8D11-00A0C91BC942}") = "genflags", "..\GCC\gcc\genflags.vcproj", "{544E4B44-601C-4962-B8A8-AF6CD83F206F}"
	ProjectSection(ProjectDependencies) = postProject
		{E8962B06-1C16-4193-9EFE-74B831A2DAD7} = {E8962B06-1C16-4193-9EFE-74B831A2DAD7}
		{8B888087-5250-4A86-B517-6F85765FCCE7} = {8B888087-5250-4A86-B517-6F85765FCCE7}
		{C2C88F9F-59A6-41AE-85A8-FE75E5E01CAA} = {C2C88F9F-59A6-41AE-85A8-FE75E5E01CAA}
	EndProjectSection
EndProject
Project("{8BC9CEB8-8B4A-11D0-8D11-00A0C91BC942}") = "gengenrtl", "..\GCC\gcc\gengenrtl.vcproj", "{59A5B485-41ED-47EC-8030-8988EB8084E1}"
	ProjectSection(ProjectDependencies) = postProject
		{E8962B06-1C16-4193-9EFE-74B831A2DAD7} = {E8962B06-1C16-4193-9EFE-74B831A2DAD7}
		{5D1C4E60-9E86-4AA7-AE5B-861255F2864B} = {5D1C4E60-9E86-4AA7-AE5B-861255F2864B}
		{C2C88F9F-59A6-41AE-85A8-FE75E5E01CAA} = {C2C88F9F-59A6-41AE-85A8-FE75E5E01CAA}
	EndProjectSection
EndProject
Project("{8BC9CEB8-8B4A-11D0-8D11-00A0C91BC942}") = "gengtype", "..\GCC\gcc\gengtype.vcproj", "{D515D7CD-BA0D-48A1-A890-57F337FCB24D}"
	ProjectSection(ProjectDependencies) = postProject
		{E8962B06-1C16-4193-9EFE-74B831A2DAD7} = {E8962B06-1C16-4193-9EFE-74B831A2DAD7}
		{5D1C4E60-9E86-4AA7-AE5B-861255F2864B} = {5D1C4E60-9E86-4AA7-AE5B-861255F2864B}
		{C2C88F9F-59A6-41AE-85A8-FE75E5E01CAA} = {C2C88F9F-59A6-41AE-85A8-FE75E5E01CAA}
	EndProjectSection
EndProject
Project("{8BC9CEB8-8B4A-11D0-8D11-00A0C91BC942}") = "genmodes", "..\GCC\gcc\genmodes.vcproj", "{18F8145F-D314-4A26-9369-A4999EEC25FF}"
	ProjectSection(ProjectDependencies) = postProject
		{E8962B06-1C16-4193-9EFE-74B831A2DAD7} = {E8962B06-1C16-4193-9EFE-74B831A2DAD7}
		{5D1C4E60-9E86-4AA7-AE5B-861255F2864B} = {5D1C4E60-9E86-4AA7-AE5B-861255F2864B}
		{C2C88F9F-59A6-41AE-85A8-FE75E5E01CAA} = {C2C88F9F-59A6-41AE-85A8-FE75E5E01CAA}
	EndProjectSection
EndProject
Project("{8BC9CEB8-8B4A-11D0-8D11-00A0C91BC942}") = "genopinit", "..\GCC\gcc\genopinit.vcproj", "{74D0CA1F-D931-402B-925E-185123B043AE}"
	ProjectSection(ProjectDependencies) = postProject
		{E8962B06-1C16-4193-9EFE-74B831A2DAD7} = {E8962B06-1C16-4193-9EFE-74B831A2DAD7}
		{8B888087-5250-4A86-B517-6F85765FCCE7} = {8B888087-5250-4A86-B517-6F85765FCCE7}
		{C2C88F9F-59A6-41AE-85A8-FE75E5E01CAA} = {C2C88F9F-59A6-41AE-85A8-FE75E5E01CAA}
	EndProjectSection
EndProject
Project("{8BC9CEB8-8B4A-11D0-8D11-00A0C91BC942}") = "genoptions", "..\GCC\gcc\genoptions.vcproj", "{5D1C4E60-9E86-4AA7-AE5B-861255F2864B}"
	ProjectSection(ProjectDependencies) = postProject
		{E8962B06-1C16-4193-9EFE-74B831A2DAD7} = {E8962B06-1C16-4193-9EFE-74B831A2DAD7}
	EndProjectSection
EndProject
Project("{8BC9CEB8-8B4A-11D0-8D11-00A0C91BC942}") = "genoutput", "..\GCC\gcc\genoutput.vcproj", "{BFAA5475-10DD-4BC7-B345-C711B70CB6FF}"
	ProjectSection(ProjectDependencies) = postProject
		{E8962B06-1C16-4193-9EFE-74B831A2DAD7} = {E8962B06-1C16-4193-9EFE-74B831A2DAD7}
		{8B888087-5250-4A86-B517-6F85765FCCE7} = {8B888087-5250-4A86-B517-6F85765FCCE7}
		{C2C88F9F-59A6-41AE-85A8-FE75E5E01CAA} = {C2C88F9F-59A6-41AE-85A8-FE75E5E01CAA}
	EndProjectSection
EndProject
Project("{8BC9CEB8-8B4A-11D0-8D11-00A0C91BC942}") = "genpeep", "..\GCC\gcc\genpeep.vcproj", "{1F7204D3-8729-42FF-8306-4F360B1774B7}"
	ProjectSection(ProjectDependencies) = postProject
		{E8962B06-1C16-4193-9EFE-74B831A2DAD7} = {E8962B06-1C16-4193-9EFE-74B831A2DAD7}
		{8B888087-5250-4A86-B517-6F85765FCCE7} = {8B888087-5250-4A86-B517-6F85765FCCE7}
		{C2C88F9F-59A6-41AE-85A8-FE75E5E01CAA} = {C2C88F9F-59A6-41AE-85A8-FE75E5E01CAA}
	EndProjectSection
EndProject
Project("{8BC9CEB8-8B4A-11D0-8D11-00A0C91BC942}") = "genpreds", "..\GCC\gcc\genpreds.vcproj", "{C2169CE8-AAD5-4768-9089-01CE621D3741}"
	ProjectSection(ProjectDependencies) = postProject
		{E8962B06-1C16-4193-9EFE-74B831A2DAD7} = {E8962B06-1C16-4193-9EFE-74B831A2DAD7}
		{8B888087-5250-4A86-B517-6F85765FCCE7} = {8B888087-5250-4A86-B517-6F85765FCCE7}
		{C2C88F9F-59A6-41AE-85A8-FE75E5E01CAA} = {C2C88F9F-59A6-41AE-85A8-FE75E5E01CAA}
	EndProjectSection
EndProject
Project("{8BC9CEB8-8B4A-11D0-8D11-00A0C91BC942}") = "genrecog", "..\GCC\gcc\genrecog.vcproj", "{88B36F52-F6BE-4FDC-A88F-2B0A36680671}"
	ProjectSection(ProjectDependencies) = postProject
		{E8962B06-1C16-4193-9EFE-74B831A2DAD7} = {E8962B06-1C16-4193-9EFE-74B831A2DAD7}
		{8B888087-5250-4A86-B517-6F85765FCCE7} = {8B888087-5250-4A86-B517-6F85765FCCE7}
		{C2C88F9F-59A6-41AE-85A8-FE75E5E01CAA} = {C2C88F9F-59A6-41AE-85A8-FE75E5E01CAA}
	EndProjectSection
EndProject
Project("{8BC9CEB8-8B4A-11D0-8D11-00A0C91BC942}") = "gxsys", "KWSys\gxsys.vcproj", "{BDFE0797-5A13-4AEB-AECC-0AED31745A39}"
	ProjectSection(ProjectDependencies) = postProject
		{E8962B06-1C16-4193-9EFE-74B831A2DAD7} = {E8962B06-1C16-4193-9EFE-74B831A2DAD7}
		{E5CE06CC-FC44-4E00-8B03-41615FF3F29B} = {E5CE06CC-FC44-4E00-8B03-41615FF3F29B}
		{8DD1EFE1-41F2-4224-BD49-71530392AD80} = {8DD1EFE1-41F2-4224-BD49-71530392AD80}
	EndProjectSection
EndProject
Project("{8BC9CEB8-8B4A-11D0-8D11-00A0C91BC942}") = "gxsysEncodeExecutable", "KWSys\gxsysEncodeExecutable.vcproj", "{E5CE06CC-FC44-4E00-8B03-41615FF3F29B}"
	ProjectSection(ProjectDependencies) = postProject
		{E8962B06-1C16-4193-9EFE-74B831A2DAD7} = {E8962B06-1C16-4193-9EFE-74B831A2DAD7}
	EndProjectSection
EndProject
Project("{8BC9CEB8-8B4A-11D0-8D11-00A0C91BC942}") = "gxsysProcessFwd9x", "KWSys\gxsysProcessFwd9x.vcproj", "{8DD1EFE1-41F2-4224-BD49-71530392AD80}"
	ProjectSection(ProjectDependencies) = postProject
		{E8962B06-1C16-4193-9EFE-74B831A2DAD7} = {E8962B06-1C16-4193-9EFE-74B831A2DAD7}
	EndProjectSection
EndProject
Project("{8BC9CEB8-8B4A-11D0-8D11-00A0C91BC942}") = "iberty", "..\GCC\libiberty\iberty.vcproj", "{C2C88F9F-59A6-41AE-85A8-FE75E5E01CAA}"
	ProjectSection(ProjectDependencies) = postProject
		{E8962B06-1C16-4193-9EFE-74B831A2DAD7} = {E8962B06-1C16-4193-9EFE-74B831A2DAD7}
	EndProjectSection
EndProject
Project("{8BC9CEB8-8B4A-11D0-8D11-00A0C91BC942}") = "vcInstallPatch", "VcInstall\vcInstallPatch.vcproj", "{D9C646AA-6956-4731-8688-453A33E5BFAD}"
	ProjectSection(ProjectDependencies) = postProject
		{E8962B06-1C16-4193-9EFE-74B831A2DAD7} = {E8962B06-1C16-4193-9EFE-74B831A2DAD7}
		{B5CDC6BA-E985-44F8-9A70-7ABE6BEF0106} = {B5CDC6BA-E985-44F8-9A70-7ABE6BEF0106}
	EndProjectSection
EndProject
Global
	GlobalSection(SolutionConfigurationPlatforms) = preSolution
		Debug|Win32 = Debug|Win32
		Release|Win32 = Release|Win32
		MinSizeRel|Win32 = MinSizeRel|Win32
		RelWithDebInfo|Win32 = RelWithDebInfo|Win32
	EndGlobalSection
	GlobalSection(ProjectConfigurationPlatforms) = postSolution
		{288D0DA2-25C6-496B-92E2-60625B4587C1}.Debug|Win32.ActiveCfg = Debug|Win32
		{288D0DA2-25C6-496B-92E2-60625B4587C1}.Debug|Win32.Build.0 = Debug|Win32
		{288D0DA2-25C6-496B-92E2-60625B4587C1}.Release|Win32.ActiveCfg = Release|Win32
		{288D0DA2-25C6-496B-92E2-60625B4587C1}.Release|Win32.Build.0 = Release|Win32
		{288D0DA2-25C6-496B-92E2-60625B4587C1}.MinSizeRel|Win32.ActiveCfg = MinSizeRel|Win32
		{288D0DA2-25C6-496B-92E2-60625B4587C1}.MinSizeRel|Win32.Build.0 = MinSizeRel|Win32
		{288D0DA2-25C6-496B-92E2-60625B4587C1}.RelWithDebInfo|Win32.ActiveCfg = RelWithDebInfo|Win32
		{288D0DA2-25C6-496B-92E2-60625B4587C1}.RelWithDebInfo|Win32.Build.0 = RelWithDebInfo|Win32
		{78D7738B-E792-452C-921B-3656D3E8CA55}.Debug|Win32.ActiveCfg = Debug|Win32
		{78D7738B-E792-452C-921B-3656D3E8CA55}.Release|Win32.ActiveCfg = Release|Win32
		{78D7738B-E792-452C-921B-3656D3E8CA55}.MinSizeRel|Win32.ActiveCfg = MinSizeRel|Win32
		{78D7738B-E792-452C-921B-3656D3E8CA55}.RelWithDebInfo|Win32.ActiveCfg = RelWithDebInfo|Win32
		{A4C25B2D-7E6A-450E-8041-1123291876DA}.Debug|Win32.ActiveCfg = Debug|Win32
		{A4C25B2D-7E6A-450E-8041-1123291876DA}.Release|Win32.ActiveCfg = Release|Win32
		{A4C25B2D-7E6A-450E-8041-1123291876DA}.MinSizeRel|Win32.ActiveCfg = MinSizeRel|Win32
		{A4C25B2D-7E6A-450E-8041-1123291876DA}.RelWithDebInfo|Win32.ActiveCfg = RelWithDebInfo|Win32
		{7C5375C3-2071-4BB4-9672-05350063C09A}.Debug|Win32.ActiveCfg = Debug|Win32
		{7C5375C3-2071-4BB4-9672-05350063C09A}.Release|Win32.ActiveCfg = Release|Win32
		{7C5375C3-2071-4BB4-9672-05350063C09A}.MinSizeRel|Win32.ActiveCfg = MinSizeRel|Win32
		{7C5375C3-2071-4BB4-9672-05350063C09A}.RelWithDebInfo|Win32.ActiveCfg = RelWithDebInfo|Win32
		{E8962B06-1C16-4193-9EFE-74B831A2DAD7}.Debug|Win32.ActiveCfg = Debug|Win32
		{E8962B06-1C16-4193-9EFE-74B831A2DAD7}.Debug|Win32.Build.0 = Debug|Win32
		{E8962B06-1C16-4193-9EFE-74B831A2DAD7}.Release|Win32.ActiveCfg = Release|Win32
		{E8962B06-1C16-4193-9EFE-74B831A2DAD7}.Release|Win32.Build.0 = Release|Win32
		{E8962B06-1C16-4193-9EFE-74B831A2DAD7}.MinSizeRel|Win32.ActiveCfg = MinSizeRel|Win32
		{E8962B06-1C16-4193-9EFE-74B831A2DAD7}.MinSizeRel|Win32.Build.0 = MinSizeRel|Win32
		{E8962B06-1C16-4193-9EFE-74B831A2DAD7}.RelWithDebInfo|Win32.ActiveCfg = RelWithDebInfo|Win32
		{E8962B06-1C16-4193-9EFE-74B831A2DAD7}.RelWithDebInfo|Win32.Build.0 = RelWithDebInfo|Win32
		{075A2E24-19FE-474D-867C-4CA271A1223A}.Debug|Win32.ActiveCfg = Debug|Win32
		{075A2E24-19FE-474D-867C-4CA271A1223A}.Debug|Win32.Build.0 = Debug|Win32
		{075A2E24-19FE-474D-867C-4CA271A1223A}.Release|Win32.ActiveCfg = Release|Win32
		{075A2E24-19FE-474D-867C-4CA271A1223A}.Release|Win32.Build.0 = Release|Win32
		{075A2E24-19FE-474D-867C-4CA271A1223A}.MinSizeRel|Win32.ActiveCfg = MinSizeRel|Win32
		{075A2E24-19FE-474D-867C-4CA271A1223A}.MinSizeRel|Win32.Build.0 = MinSizeRel|Win32
		{075A2E24-19FE-474D-867C-4CA271A1223A}.RelWithDebInfo|Win32.ActiveCfg = RelWithDebInfo|Win32
		{075A2E24-19FE-474D-867C-4CA271A1223A}.RelWithDebInfo|Win32.Build.0 = RelWithDebInfo|Win32
		{CC557AEC-FC40-4485-9CF3-159A35102C33}.Debug|Win32.ActiveCfg = Debug|Win32
		{CC557AEC-FC40-4485-9CF3-159A35102C33}.Debug|Win32.Build.0 = Debug|Win32
		{CC557AEC-FC40-4485-9CF3-159A35102C33}.Release|Win32.ActiveCfg = Release|Win32
		{CC557AEC-FC40-4485-9CF3-159A35102C33}.Release|Win32.Build.0 = Release|Win32
		{CC557AEC-FC40-4485-9CF3-159A35102C33}.MinSizeRel|Win32.ActiveCfg = MinSizeRel|Win32
		{CC557AEC-FC40-4485-9CF3-159A35102C33}.MinSizeRel|Win32.Build.0 = MinSizeRel|Win32
		{CC557AEC-FC40-4485-9CF3-159A35102C33}.RelWithDebInfo|Win32.ActiveCfg = RelWithDebInfo|Win32
		{CC557AEC-FC40-4485-9CF3-159A35102C33}.RelWithDebInfo|Win32.Build.0 = RelWithDebInfo|Win32
		{3C20C068-C69C-49BB-A9F2-7EEC2762D1B3}.Debug|Win32.ActiveCfg = Debug|Win32
		{3C20C068-C69C-49BB-A9F2-7EEC2762D1B3}.Debug|Win32.Build.0 = Debug|Win32
		{3C20C068-C69C-49BB-A9F2-7EEC2762D1B3}.Release|Win32.ActiveCfg = Release|Win32
		{3C20C068-C69C-49BB-A9F2-7EEC2762D1B3}.Release|Win32.Build.0 = Release|Win32
		{3C20C068-C69C-49BB-A9F2-7EEC2762D1B3}.MinSizeRel|Win32.ActiveCfg = MinSizeRel|Win32
		{3C20C068-C69C-49BB-A9F2-7EEC2762D1B3}.MinSizeRel|Win32.Build.0 = MinSizeRel|Win32
		{3C20C068-C69C-49BB-A9F2-7EEC2762D1B3}.RelWithDebInfo|Win32.ActiveCfg = RelWithDebInfo|Win32
		{3C20C068-C69C-49BB-A9F2-7EEC2762D1B3}.RelWithDebInfo|Win32.Build.0 = RelWithDebInfo|Win32
		{AFBB2D52-E8C9-401C-9E1B-09F4B7453329}.Debug|Win32.ActiveCfg = Debug|Win32
		{AFBB2D52-E8C9-401C-9E1B-09F4B7453329}.Debug|Win32.Build.0 = Debug|Win32
		{AFBB2D52-E8C9-401C-9E1B-09F4B7453329}.Release|Win32.ActiveCfg = Release|Win32
		{AFBB2D52-E8C9-401C-9E1B-09F4B7453329}.Release|Win32.Build.0 = Release|Win32
		{AFBB2D52-E8C9-401C-9E1B-09F4B7453329}.MinSizeRel|Win32.ActiveCfg = MinSizeRel|Win32
		{AFBB2D52-E8C9-401C-9E1B-09F4B7453329}.MinSizeRel|Win32.Build.0 = MinSizeRel|Win32
		{AFBB2D52-E8C9-401C-9E1B-09F4B7453329}.RelWithDebInfo|Win32.ActiveCfg = RelWithDebInfo|Win32
		{AFBB2D52-E8C9-401C-9E1B-09F4B7453329}.RelWithDebInfo|Win32.Build.0 = RelWithDebInfo|Win32
		{473963C5-441C-4AA2-86D6-DEDED9C40229}.Debug|Win32.ActiveCfg = Debug|Win32
		{473963C5-441C-4AA2-86D6-DEDED9C40229}.Debug|Win32.Build.0 = Debug|Win32
		{473963C5-441C-4AA2-86D6-DEDED9C40229}.Release|Win32.ActiveCfg = Release|Win32
		{473963C5-441C-4AA2-86D6-DEDED9C40229}.Release|Win32.Build.0 = Release|Win32
		{473963C5-441C-4AA2-86D6-DEDED9C40229}.MinSizeRel|Win32.ActiveCfg = MinSizeRel|Win32
		{473963C5-441C-4AA2-86D6-DEDED9C40229}.MinSizeRel|Win32.Build.0 = MinSizeRel|Win32
		{473963C5-441C-4AA2-86D6-DEDED9C40229}.RelWithDebInfo|Win32.ActiveCfg = RelWithDebInfo|Win32
		{473963C5-441C-4AA2-86D6-DEDED9C40229}.RelWithDebInfo|Win32.Build.0 = RelWithDebInfo|Win32
		{5391A265-5482-480E-B62D-C8D4CFCFA512}.Debug|Win32.ActiveCfg = Debug|Win32
		{5391A265-5482-480E-B62D-C8D4CFCFA512}.Debug|Win32.Build.0 = Debug|Win32
		{5391A265-5482-480E-B62D-C8D4CFCFA512}.Release|Win32.ActiveCfg = Release|Win32
		{5391A265-5482-480E-B62D-C8D4CFCFA512}.Release|Win32.Build.0 = Release|Win32
		{5391A265-5482-480E-B62D-C8D4CFCFA512}.MinSizeRel|Win32.ActiveCfg = MinSizeRel|Win32
		{5391A265-5482-480E-B62D-C8D4CFCFA512}.MinSizeRel|Win32.Build.0 = MinSizeRel|Win32
		{5391A265-5482-480E-B62D-C8D4CFCFA512}.RelWithDebInfo|Win32.ActiveCfg = RelWithDebInfo|Win32
		{5391A265-5482-480E-B62D-C8D4CFCFA512}.RelWithDebInfo|Win32.Build.0 = RelWithDebInfo|Win32
		{B5CDC6BA-E985-44F8-9A70-7ABE6BEF0106}.Debug|Win32.ActiveCfg = Debug|Win32
		{B5CDC6BA-E985-44F8-9A70-7ABE6BEF0106}.Debug|Win32.Build.0 = Debug|Win32
		{B5CDC6BA-E985-44F8-9A70-7ABE6BEF0106}.Release|Win32.ActiveCfg = Release|Win32
		{B5CDC6BA-E985-44F8-9A70-7ABE6BEF0106}.Release|Win32.Build.0 = Release|Win32
		{B5CDC6BA-E985-44F8-9A70-7ABE6BEF0106}.MinSizeRel|Win32.ActiveCfg = MinSizeRel|Win32
		{B5CDC6BA-E985-44F8-9A70-7ABE6BEF0106}.MinSizeRel|Win32.Build.0 = MinSizeRel|Win32
		{B5CDC6BA-E985-44F8-9A70-7ABE6BEF0106}.RelWithDebInfo|Win32.ActiveCfg = RelWithDebInfo|Win32
		{B5CDC6BA-E985-44F8-9A70-7ABE6BEF0106}.RelWithDebInfo|Win32.Build.0 = RelWithDebInfo|Win32
		{3F1DD24F-0CD7-4FD9-945F-22D5782EDE8F}.Debug|Win32.ActiveCfg = Debug|Win32
		{3F1DD24F-0CD7-4FD9-945F-22D5782EDE8F}.Debug|Win32.Build.0 = Debug|Win32
		{3F1DD24F-0CD7-4FD9-945F-22D5782EDE8F}.Release|Win32.ActiveCfg = Release|Win32
		{3F1DD24F-0CD7-4FD9-945F-22D5782EDE8F}.Release|Win32.Build.0 = Release|Win32
		{3F1DD24F-0CD7-4FD9-945F-22D5782EDE8F}.MinSizeRel|Win32.ActiveCfg = MinSizeRel|Win32
		{3F1DD24F-0CD7-4FD9-945F-22D5782EDE8F}.MinSizeRel|Win32.Build.0 = MinSizeRel|Win32
		{3F1DD24F-0CD7-4FD9-945F-22D5782EDE8F}.RelWithDebInfo|Win32.ActiveCfg = RelWithDebInfo|Win32
		{3F1DD24F-0CD7-4FD9-945F-22D5782EDE8F}.RelWithDebInfo|Win32.Build.0 = RelWithDebInfo|Win32
		{8B888087-5250-4A86-B517-6F85765FCCE7}.Debug|Win32.ActiveCfg = Debug|Win32
		{8B888087-5250-4A86-B517-6F85765FCCE7}.Debug|Win32.Build.0 = Debug|Win32
		{8B888087-5250-4A86-B517-6F85765FCCE7}.Release|Win32.ActiveCfg = Release|Win32
		{8B888087-5250-4A86-B517-6F85765FCCE7}.Release|Win32.Build.0 = Release|Win32
		{8B888087-5250-4A86-B517-6F85765FCCE7}.MinSizeRel|Win32.ActiveCfg = MinSizeRel|Win32
		{8B888087-5250-4A86-B517-6F85765FCCE7}.MinSizeRel|Win32.Build.0 = MinSizeRel|Win32
		{8B888087-5250-4A86-B517-6F85765FCCE7}.RelWithDebInfo|Win32.ActiveCfg = RelWithDebInfo|Win32
		{8B888087-5250-4A86-B517-6F85765FCCE7}.RelWithDebInfo|Win32.Build.0 = RelWithDebInfo|Win32
		{18D29D6F-5B16-42C0-B812-65E1DF30A86B}.Debug|Win32.ActiveCfg = Debug|Win32
		{18D29D6F-5B16-42C0-B812-65E1DF30A86B}.Debug|Win32.Build.0 = Debug|Win32
		{18D29D6F-5B16-42C0-B812-65E1DF30A86B}.Release|Win32.ActiveCfg = Release|Win32
		{18D29D6F-5B16-42C0-B812-65E1DF30A86B}.Release|Win32.Build.0 = Release|Win32
		{18D29D6F-5B16-42C0-B812-65E1DF30A86B}.MinSizeRel|Win32.ActiveCfg = MinSizeRel|Win32
		{18D29D6F-5B16-42C0-B812-65E1DF30A86B}.MinSizeRel|Win32.Build.0 = MinSizeRel|Win32
		{18D29D6F-5B16-42C0-B812-65E1DF30A86B}.RelWithDebInfo|Win32.ActiveCfg = RelWithDebInfo|Win32
		{18D29D6F-5B16-42C0-B812-65E1DF30A86B}.RelWithDebInfo|Win32.Build.0 = RelWithDebInfo|Win32
		{6840002D-4393-49D8-BC84-F03D7F8F3190}.Debug|Win32.ActiveCfg = Debug|Win32
		{6840002D-4393-49D8-BC84-F03D7F8F3190}.Debug|Win32.Build.0 = Debug|Win32
		{6840002D-4393-49D8-BC84-F03D7F8F3190}.Release|Win32.ActiveCfg = Release|Win32
		{6840002D-4393-49D8-BC84-F03D7F8F3190}.Release|Win32.Build.0 = Release|Win32
		{6840002D-4393-49D8-BC84-F03D7F8F3190}.MinSizeRel|Win32.ActiveCfg = MinSizeRel|Win32
		{6840002D-4393-49D8-BC84-F03D7F8F3190}.MinSizeRel|Win32.Build.0 = MinSizeRel|Win32
		{6840002D-4393-49D8-BC84-F03D7F8F3190}.RelWithDebInfo|Win32.ActiveCfg = RelWithDebInfo|Win32
		{6840002D-4393-49D8-BC84-F03D7F8F3190}.RelWithDebInfo|Win32.Build.0 = RelWithDebInfo|Win32
		{586DDAAA-BD78-473D-89B0-FFD4F3A530F1}.Debug|Win32.ActiveCfg = Debug|Win32
		{586DDAAA-BD78-473D-89B0-FFD4F3A530F1}.Debug|Win32.Build.0 = Debug|Win32
		{586DDAAA-BD78-473D-89B0-FFD4F3A530F1}.Release|Win32.ActiveCfg = Release|Win32
		{586DDAAA-BD78-473D-89B0-FFD4F3A530F1}.Release|Win32.Build.0 = Release|Win32
		{586DDAAA-BD78-473D-89B0-FFD4F3A530F1}.MinSizeRel|Win32.ActiveCfg = MinSizeRel|Win32
		{586DDAAA-BD78-473D-89B0-FFD4F3A530F1}.MinSizeRel|Win32.Build.0 = MinSizeRel|Win32
		{586DDAAA-BD78-473D-89B0-FFD4F3A530F1}.RelWithDebInfo|Win32.ActiveCfg = RelWithDebInfo|Win32
		{586DDAAA-BD78-473D-89B0-FFD4F3A530F1}.RelWithDebInfo|Win32.Build.0 = RelWithDebInfo|Win32
		{21FCC029-7078-49B2-A607-080BB7EE21E5}.Debug|Win32.ActiveCfg = Debug|Win32
		{21FCC029-7078-49B2-A607-080BB7EE21E5}.Debug|Win32.Build.0 = Debug|Win32
		{21FCC029-7078-49B2-A607-080BB7EE21E5}.Release|Win32.ActiveCfg = Release|Win32
		{21FCC029-7078-49B2-A607-080BB7EE21E5}.Release|Win32.Build.0 = Release|Win32
		{21FCC029-7078-49B2-A607-080BB7EE21E5}.MinSizeRel|Win32.ActiveCfg = MinSizeRel|Win32
		{21FCC029-7078-49B2-A607-080BB7EE21E5}.MinSizeRel|Win32.Build.0 = MinSizeRel|Win32
		{21FCC029-7078-49B2-A607-080BB7EE21E5}.RelWithDebInfo|Win32.ActiveCfg = RelWithDebInfo|Win32
		{21FCC029-7078-49B2-A607-080BB7EE21E5}.RelWithDebInfo|Win32.Build.0 = RelWithDebInfo|Win32
		{AF462F4C-1A19-4196-9321-6877C19AF100}.Debug|Win32.ActiveCfg = Debug|Win32
		{AF462F4C-1A19-4196-9321-6877C19AF100}.Debug|Win32.Build.0 = Debug|Win32
		{AF462F4C-1A19-4196-9321-6877C19AF100}.Release|Win32.ActiveCfg = Release|Win32
		{AF462F4C-1A19-4196-9321-6877C19AF100}.Release|Win32.Build.0 = Release|Win32
		{AF462F4C-1A19-4196-9321-6877C19AF100}.MinSizeRel|Win32.ActiveCfg = MinSizeRel|Win32
		{AF462F4C-1A19-4196-9321-6877C19AF100}.MinSizeRel|Win32.Build.0 = MinSizeRel|Win32
		{AF462F4C-1A19-4196-9321-6877C19AF100}.RelWithDebInfo|Win32.ActiveCfg = RelWithDebInfo|Win32
		{AF462F4C-1A19-4196-9321-6877C19AF100}.RelWithDebInfo|Win32.Build.0 = RelWithDebInfo|Win32
		{283759FC-2AB6-4805-8332-C57DB041FDC8}.Debug|Win32.ActiveCfg = Debug|Win32
		{283759FC-2AB6-4805-8332-C57DB041FDC8}.Debug|Win32.Build.0 = Debug|Win32
		{283759FC-2AB6-4805-8332-C57DB041FDC8}.Release|Win32.ActiveCfg = Release|Win32
		{283759FC-2AB6-4805-8332-C57DB041FDC8}.Release|Win32.Build.0 = Release|Win32
		{283759FC-2AB6-4805-8332-C57DB041FDC8}.MinSizeRel|Win32.ActiveCfg = MinSizeRel|Win32
		{283759FC-2AB6-4805-8332-C57DB041FDC8}.MinSizeRel|Win32.Build.0 = MinSizeRel|Win32
		{283759FC-2AB6-4805-8332-C57DB041FDC8}.RelWithDebInfo|Win32.ActiveCfg = RelWithDebInfo|Win32
		{283759FC-2AB6-4805-8332-C57DB041FDC8}.RelWithDebInfo|Win32.Build.0 = RelWithDebInfo|Win32
		{7A6F4005-2122-4173-9C57-B1C029258D03}.Debug|Win32.ActiveCfg = Debug|Win32
		{7A6F4005-2122-4173-9C57-B1C029258D03}.Debug|Win32.Build.0 = Debug|Win32
		{7A6F4005-2122-4173-9C57-B1C029258D03}.Release|Win32.ActiveCfg = Release|Win32
		{7A6F4005-2122-4173-9C57-B1C029258D03}.Release|Win32.Build.0 = Release|Win32
		{7A6F4005-2122-4173-9C57-B1C029258D03}.MinSizeRel|Win32.ActiveCfg = MinSizeRel|Win32
		{7A6F4005-2122-4173-9C57-B1C029258D03}.MinSizeRel|Win32.Build.0 = MinSizeRel|Win32
		{7A6F4005-2122-4173-9C57-B1C029258D03}.RelWithDebInfo|Win32.ActiveCfg = RelWithDebInfo|Win32
		{7A6F4005-2122-4173-9C57-B1C029258D03}.RelWithDebInfo|Win32.Build.0 = RelWithDebInfo|Win32
		{678F070D-E23E-414D-B861-11EB762EE6AE}.Debug|Win32.ActiveCfg = Debug|Win32
		{678F070D-E23E-414D-B861-11EB762EE6AE}.Debug|Win32.Build.0 = Debug|Win32
		{678F070D-E23E-414D-B861-11EB762EE6AE}.Release|Win32.ActiveCfg = Release|Win32
		{678F070D-E23E-414D-B861-11EB762EE6AE}.Release|Win32.Build.0 = Release|Win32
		{678F070D-E23E-414D-B861-11EB762EE6AE}.MinSizeRel|Win32.ActiveCfg = MinSizeRel|Win32
		{678F070D-E23E-414D-B861-11EB762EE6AE}.MinSizeRel|Win32.Build.0 = MinSizeRel|Win32
		{678F070D-E23E-414D-B861-11EB762EE6AE}.RelWithDebInfo|Win32.ActiveCfg = RelWithDebInfo|Win32
		{678F070D-E23E-414D-B861-11EB762EE6AE}.RelWithDebInfo|Win32.Build.0 = RelWithDebInfo|Win32
		{3375B1C2-9684-4D12-907C-1AF5852546A3}.Debug|Win32.ActiveCfg = Debug|Win32
		{3375B1C2-9684-4D12-907C-1AF5852546A3}.Debug|Win32.Build.0 = Debug|Win32
		{3375B1C2-9684-4D12-907C-1AF5852546A3}.Release|Win32.ActiveCfg = Release|Win32
		{3375B1C2-9684-4D12-907C-1AF5852546A3}.Release|Win32.Build.0 = Release|Win32
		{3375B1C2-9684-4D12-907C-1AF5852546A3}.MinSizeRel|Win32.ActiveCfg = MinSizeRel|Win32
		{3375B1C2-9684-4D12-907C-1AF5852546A3}.MinSizeRel|Win32.Build.0 = MinSizeRel|Win32
		{3375B1C2-9684-4D12-907C-1AF5852546A3}.RelWithDebInfo|Win32.ActiveCfg = RelWithDebInfo|Win32
		{3375B1C2-9684-4D12-907C-1AF5852546A3}.RelWithDebInfo|Win32.Build.0 = RelWithDebInfo|Win32
		{CC237926-DB17-4F27-9A4E-B4B62F035325}.Debug|Win32.ActiveCfg = Debug|Win32
		{CC237926-DB17-4F27-9A4E-B4B62F035325}.Debug|Win32.Build.0 = Debug|Win32
		{CC237926-DB17-4F27-9A4E-B4B62F035325}.Release|Win32.ActiveCfg = Release|Win32
		{CC237926-DB17-4F27-9A4E-B4B62F035325}.Release|Win32.Build.0 = Release|Win32
		{CC237926-DB17-4F27-9A4E-B4B62F035325}.MinSizeRel|Win32.ActiveCfg = MinSizeRel|Win32
		{CC237926-DB17-4F27-9A4E-B4B62F035325}.MinSizeRel|Win32.Build.0 = MinSizeRel|Win32
		{CC237926-DB17-4F27-9A4E-B4B62F035325}.RelWithDebInfo|Win32.ActiveCfg = RelWithDebInfo|Win32
		{CC237926-DB17-4F27-9A4E-B4B62F035325}.RelWithDebInfo|Win32.Build.0 = RelWithDebInfo|Win32
		{CEBE15C6-6DBB-4172-A253-8A6CC665B85B}.Debug|Win32.ActiveCfg = Debug|Win32
		{CEBE15C6-6DBB-4172-A253-8A6CC665B85B}.Debug|Win32.Build.0 = Debug|Win32
		{CEBE15C6-6DBB-4172-A253-8A6CC665B85B}.Release|Win32.ActiveCfg = Release|Win32
		{CEBE15C6-6DBB-4172-A253-8A6CC665B85B}.Release|Win32.Build.0 = Release|Win32
		{CEBE15C6-6DBB-4172-A253-8A6CC665B85B}.MinSizeRel|Win32.ActiveCfg = MinSizeRel|Win32
		{CEBE15C6-6DBB-4172-A253-8A6CC665B85B}.MinSizeRel|Win32.Build.0 = MinSizeRel|Win32
		{CEBE15C6-6DBB-4172-A253-8A6CC665B85B}.RelWithDebInfo|Win32.ActiveCfg = RelWithDebInfo|Win32
		{CEBE15C6-6DBB-4172-A253-8A6CC665B85B}.RelWithDebInfo|Win32.Build.0 = RelWithDebInfo|Win32
		{544E4B44-601C-4962-B8A8-AF6CD83F206F}.Debug|Win32.ActiveCfg = Debug|Win32
		{544E4B44-601C-4962-B8A8-AF6CD83F206F}.Debug|Win32.Build.0 = Debug|Win32
		{544E4B44-601C-4962-B8A8-AF6CD83F206F}.Release|Win32.ActiveCfg = Release|Win32
		{544E4B44-601C-4962-B8A8-AF6CD83F206F}.Release|Win32.Build.0 = Release|Win32
		{544E4B44-601C-4962-B8A8-AF6CD83F206F}.MinSizeRel|Win32.ActiveCfg = MinSizeRel|Win32
		{544E4B44-601C-4962-B8A8-AF6CD83F206F}.MinSizeRel|Win32.Build.0 = MinSizeRel|Win32
		{544E4B44-601C-4962-B8A8-AF6CD83F206F}.RelWithDebInfo|Win32.ActiveCfg = RelWithDebInfo|Win32
		{544E4B44-601C-4962-B8A8-AF6CD83F206F}.RelWithDebInfo|Win32.Build.0 = RelWithDebInfo|Win32
		{59A5B485-41ED-47EC-8030-8988EB8084E1}.Debug|Win32.ActiveCfg = Debug|Win32
		{59A5B485-41ED-47EC-8030-8988EB8084E1}.Debug|Win32.Build.0 = Debug|Win32
		{59A5B485-41ED-47EC-8030-8988EB8084E1}.Release|Win32.ActiveCfg = Release|Win32
		{59A5B485-41ED-47EC-8030-8988EB8084E1}.Release|Win32.Build.0 = Release|Win32
		{59A5B485-41ED-47EC-8030-8988EB8084E1}.MinSizeRel|Win32.ActiveCfg = MinSizeRel|Win32
		{59A5B485-41ED-47EC-8030-8988EB8084E1}.MinSizeRel|Win32.Build.0 = MinSizeRel|Win32
		{59A5B485-41ED-47EC-8030-8988EB8084E1}.RelWithDebInfo|Win32.ActiveCfg = RelWithDebInfo|Win32
		{59A5B485-41ED-47EC-8030-8988EB8084E1}.RelWithDebInfo|Win32.Build.0 = RelWithDebInfo|Win32
		{D515D7CD-BA0D-48A1-A890-57F337FCB24D}.Debug|Win32.ActiveCfg = Debug|Win32
		{D515D7CD-BA0D-48A1-A890-57F337FCB24D}.Debug|Win32.Build.0 = Debug|Win32
		{D515D7CD-BA0D-48A1-A890-57F337FCB24D}.Release|Win32.ActiveCfg = Release|Win32
		{D515D7CD-BA0D-48A1-A890-57F337FCB24D}.Release|Win32.Build.0 = Release|Win32
		{D515D7CD-BA0D-48A1-A890-57F337FCB24D}.MinSizeRel|Win32.ActiveCfg = MinSizeRel|Win32
		{D515D7CD-BA0D-48A1-A890-57F337FCB24D}.MinSizeRel|Win32.Build.0 = MinSizeRel|Win32
		{D515D7CD-BA0D-48A1-A890-57F337FCB24D}.RelWithDebInfo|Win32.ActiveCfg = RelWithDebInfo|Win32
		{D515D7CD-BA0D-48A1-A890-57F337FCB24D}.RelWithDebInfo|Win32.Build.0 = RelWithDebInfo|Win32
		{18F8145F-D314-4A26-9369-A4999EEC25FF}.Debug|Win32.ActiveCfg = Debug|Win32
		{18F8145F-D314-4A26-9369-A4999EEC25FF}.Debug|Win32.Build.0 = Debug|Win32
		{18F8145F-D314-4A26-9369-A4999EEC25FF}.Release|Win32.ActiveCfg = Release|Win32
		{18F8145F-D314-4A26-9369-A4999EEC25FF}.Release|Win32.Build.0 = Release|Win32
		{18F8145F-D314-4A26-9369-A4999EEC25FF}.MinSizeRel|Win32.ActiveCfg = MinSizeRel|Win32
		{18F8145F-D314-4A26-9369-A4999EEC25FF}.MinSizeRel|Win32.Build.0 = MinSizeRel|Win32
		{18F8145F-D314-4A26-9369-A4999EEC25FF}.RelWithDebInfo|Win32.ActiveCfg = RelWithDebInfo|Win32
		{18F8145F-D314-4A26-9369-A4999EEC25FF}.RelWithDebInfo|Win32.Build.0 = RelWithDebInfo|Win32
		{74D0CA1F-D931-402B-925E-185123B043AE}.Debug|Win32.ActiveCfg = Debug|Win32
		{74D0CA1F-D931-402B-925E-185123B043AE}.Debug|Win32.Build.0 = Debug|Win32
		{74D0CA1F-D931-402B-925E-185123B043AE}.Release|Win32.ActiveCfg = Release|Win32
		{74D0CA1F-D931-402B-925E-185123B043AE}.Release|Win32.Build.0 = Release|Win32
		{74D0CA1F-D931-402B-925E-185123B043AE}.MinSizeRel|Win32.ActiveCfg = MinSizeRel|Win32
		{74D0CA1F-D931-402B-925E-185123B043AE}.MinSizeRel|Win32.Build.0 = MinSizeRel|Win32
		{74D0CA1F-D931-402B-925E-185123B043AE}.RelWithDebInfo|Win32.ActiveCfg = RelWithDebInfo|Win32
		{74D0CA1F-D931-402B-925E-185123B043AE}.RelWithDebInfo|Win32.Build.0 = RelWithDebInfo|Win32
		{5D1C4E60-9E86-4AA7-AE5B-861255F2864B}.Debug|Win32.ActiveCfg = Debug|Win32
		{5D1C4E60-9E86-4AA7-AE5B-861255F2864B}.Debug|Win32.Build.0 = Debug|Win32
		{5D1C4E60-9E86-4AA7-AE5B-861255F2864B}.Release|Win32.ActiveCfg = Release|Win32
		{5D1C4E60-9E86-4AA7-AE5B-861255F2864B}.Release|Win32.Build.0 = Release|Win32
		{5D1C4E60-9E86-4AA7-AE5B-861255F2864B}.MinSizeRel|Win32.ActiveCfg = MinSizeRel|Win32
		{5D1C4E60-9E86-4AA7-AE5B-861255F2864B}.MinSizeRel|Win32.Build.0 = MinSizeRel|Win32
		{5D1C4E60-9E86-4AA7-AE5B-861255F2864B}.RelWithDebInfo|Win32.ActiveCfg = RelWithDebInfo|Win32
		{5D1C4E60-9E86-4AA7-AE5B-861255F2864B}.RelWithDebInfo|Win32.Build.0 = RelWithDebInfo|Win32
		{BFAA5475-10DD-4BC7-B345-C711B70CB6FF}.Debug|Win32.ActiveCfg = Debug|Win32
		{BFAA5475-10DD-4BC7-B345-C711B70CB6FF}.Debug|Win32.Build.0 = Debug|Win32
		{BFAA5475-10DD-4BC7-B345-C711B70CB6FF}.Release|Win32.ActiveCfg = Release|Win32
		{BFAA5475-10DD-4BC7-B345-C711B70CB6FF}.Release|Win32.Build.0 = Release|Win32
		{BFAA5475-10DD-4BC7-B345-C711B70CB6FF}.MinSizeRel|Win32.ActiveCfg = MinSizeRel|Win32
		{BFAA5475-10DD-4BC7-B345-C711B70CB6FF}.MinSizeRel|Win32.Build.0 = MinSizeRel|Win32
		{BFAA5475-10DD-4BC7-B345-C711B70CB6FF}.RelWithDebInfo|Win32.ActiveCfg = RelWithDebInfo|Win32
		{BFAA5475-10DD-4BC7-B345-C711B70CB6FF}.RelWithDebInfo|Win32.Build.0 = RelWithDebInfo|Win32
		{1F7204D3-8729-42FF-8306-4F360B1774B7}.Debug|Win32.ActiveCfg = Debug|Win32
		{1F7204D3-8729-42FF-8306-4F360B1774B7}.Debug|Win32.Build.0 = Debug|Win32
		{1F7204D3-8729-42FF-8306-4F360B1774B7}.Release|Win32.ActiveCfg = Release|Win32
		{1F7204D3-8729-42FF-8306-4F360B1774B7}.Release|Win32.Build.0 = Release|Win32
		{1F7204D3-8729-42FF-8306-4F360B1774B7}.MinSizeRel|Win32.ActiveCfg = MinSizeRel|Win32
		{1F7204D3-8729-42FF-8306-4F360B1774B7}.MinSizeRel|Win32.Build.0 = MinSizeRel|Win32
		{1F7204D3-8729-42FF-8306-4F360B1774B7}.RelWithDebInfo|Win32.ActiveCfg = RelWithDebInfo|Win32
		{1F7204D3-8729-42FF-8306-4F360B1774B7}.RelWithDebInfo|Win32.Build.0 = RelWithDebInfo|Win32
		{C2169CE8-AAD5-4768-9089-01CE621D3741}.Debug|Win32.ActiveCfg = Debug|Win32
		{C2169CE8-AAD5-4768-9089-01CE621D3741}.Debug|Win32.Build.0 = Debug|Win32
		{C2169CE8-AAD5-4768-9089-01CE621D3741}.Release|Win32.ActiveCfg = Release|Win32
		{C2169CE8-AAD5-4768-9089-01CE621D3741}.Release|Win32.Build.0 = Release|Win32
		{C2169CE8-AAD5-4768-9089-01CE621D3741}.MinSizeRel|Win32.ActiveCfg = MinSizeRel|Win32
		{C2169CE8-AAD5-4768-9089-01CE621D3741}.MinSizeRel|Win32.Build.0 = MinSizeRel|Win32
		{C2169CE8-AAD5-4768-9089-01CE621D3741}.RelWithDebInfo|Win32.ActiveCfg = RelWithDebInfo|Win32
		{C2169CE8-AAD5-4768-9089-01CE621D3741}.RelWithDebInfo|Win32.Build.0 = RelWithDebInfo|Win32
		{88B36F52-F6BE-4FDC-A88F-2B0A36680671}.Debug|Win32.ActiveCfg = Debug|Win32
		{88B36F52-F6BE-4FDC-A88F-2B0A36680671}.Debug|Win32.Build.0 = Debug|Win32
		{88B36F52-F6BE-4FDC-A88F-2B0A36680671}.Release|Win32.ActiveCfg = Release|Win32
		{88B36F52-F6BE-4FDC-A88F-2B0A36680671}.Release|Win32.Build.0 = Release|Win32
		{88B36F52-F6BE-4FDC-A88F-2B0A36680671}.MinSizeRel|Win32.ActiveCfg = MinSizeRel|Win32
		{88B36F52-F6BE-4FDC-A88F-2B0A36680671}.MinSizeRel|Win32.Build.0 = MinSizeRel|Win32
		{88B36F52-F6BE-4FDC-A88F-2B0A36680671}.RelWithDebInfo|Win32.ActiveCfg = RelWithDebInfo|Win32
		{88B36F52-F6BE-4FDC-A88F-2B0A36680671}.RelWithDebInfo|Win32.Build.0 = RelWithDebInfo|Win32
		{BDFE0797-5A13-4AEB-AECC-0AED31745A39}.Debug|Win32.ActiveCfg = Debug|Win32
		{BDFE0797-5A13-4AEB-AECC-0AED31745A39}.Debug|Win32.Build.0 = Debug|Win32
		{BDFE0797-5A13-4AEB-AECC-0AED31745A39}.Release|Win32.ActiveCfg = Release|Win32
		{BDFE0797-5A13-4AEB-AECC-0AED31745A39}.Release|Win32.Build.0 = Release|Win32
		{BDFE0797-5A13-4AEB-AECC-0AED31745A39}.MinSizeRel|Win32.ActiveCfg = MinSizeRel|Win32
		{BDFE0797-5A13-4AEB-AECC-0AED31745A39}.MinSizeRel|Win32.Build.0 = MinSizeRel|Win32
		{BDFE0797-5A13-4AEB-AECC-0AED31745A39}.RelWithDebInfo|Win32.ActiveCfg = RelWithDebInfo|Win32
		{BDFE0797-5A13-4AEB-AECC-0AED31745A39}.RelWithDebInfo|Win32.Build.0 = RelWithDebInfo|Win32
		{E5CE06CC-FC44-4E00-8B03-41615FF3F29B}.Debug|Win32.ActiveCfg = Debug|Win32
		{E5CE06CC-FC44-4E00-8B03-41615FF3F29B}.Debug|Win32.Build.0 = Debug|Win32
		{E5CE06CC-FC44-4E00-8B03-41615FF3F29B}.Release|Win32.ActiveCfg = Release|Win32
		{E5CE06CC-FC44-4E00-8B03-41615FF3F29B}.Release|Win32.Build.0 = Release|Win32
		{E5CE06CC-FC44-4E00-8B03-41615FF3F29B}.MinSizeRel|Win32.ActiveCfg = MinSizeRel|Win32
		{E5CE06CC-FC44-4E00-8B03-41615FF3F29B}.MinSizeRel|Win32.Build.0 = MinSizeRel|Win32
		{E5CE06CC-FC44-4E00-8B03-41615FF3F29B}.RelWithDebInfo|Win32.ActiveCfg = RelWithDebInfo|Win32
		{E5CE06CC-FC44-4E00-8B03-41615FF3F29B}.RelWithDebInfo|Win32.Build.0 = RelWithDebInfo|Win32
		{8DD1EFE1-41F2-4224-BD49-71530392AD80}.Debug|Win32.ActiveCfg = Debug|Win32
		{8DD1EFE1-41F2-4224-BD49-71530392AD80}.Debug|Win32.Build.0 = Debug|Win32
		{8DD1EFE1-41F2-4224-BD49-71530392AD80}.Release|Win32.ActiveCfg = Release|Win32
		{8DD1EFE1-41F2-4224-BD49-71530392AD80}.Release|Win32.Build.0 = Release|Win32
		{8DD1EFE1-41F2-4224-BD49-71530392AD80}.MinSizeRel|Win32.ActiveCfg = MinSizeRel|Win32
		{8DD1EFE1-41F2-4224-BD49-71530392AD80}.MinSizeRel|Win32.Build.0 = MinSizeRel|Win32
		{8DD1EFE1-41F2-4224-BD49-71530392AD80}.RelWithDebInfo|Win32.ActiveCfg = RelWithDebInfo|Win32
		{8DD1EFE1-41F2-4224-BD49-71530392AD80}.RelWithDebInfo|Win32.Build.0 = RelWithDebInfo|Win32
		{C2C88F9F-59A6-41AE-85A8-FE75E5E01CAA}.Debug|Win32.ActiveCfg = Debug|Win32
		{C2C88F9F-59A6-41AE-85A8-FE75E5E01CAA}.Debug|Win32.Build.0 = Debug|Win32
		{C2C88F9F-59A6-41AE-85A8-FE75E5E01CAA}.Release|Win32.ActiveCfg = Release|Win32
		{C2C88F9F-59A6-41AE-85A8-FE75E5E01CAA}.Release|Win32.Build.0 = Release|Win32
		{C2C88F9F-59A6-41AE-85A8-FE75E5E01CAA}.MinSizeRel|Win32.ActiveCfg = MinSizeRel|Win32
		{C2C88F9F-59A6-41AE-85A8-FE75E5E01CAA}.MinSizeRel|Win32.Build.0 = MinSizeRel|Win32
		{C2C88F9F-59A6-41AE-85A8-FE75E5E01CAA}.RelWithDebInfo|Win32.ActiveCfg = RelWithDebInfo|Win32
		{C2C88F9F-59A6-41AE-85A8-FE75E5E01CAA}.RelWithDebInfo|Win32.Build.0 = RelWithDebInfo|Win32
		{D9C646AA-6956-4731-8688-453A33E5BFAD}.Debug|Win32.ActiveCfg = Debug|Win32
		{D9C646AA-6956-4731-8688-453A33E5BFAD}.Debug|Win32.Build.0 = Debug|Win32
		{D9C646AA-6956-4731-8688-453A33E5BFAD}.Release|Win32.ActiveCfg = Release|Win32
		{D9C646AA-6956-4731-8688-453A33E5BFAD}.Release|Win32.Build.0 = Release|Win32
		{D9C646AA-6956-4731-8688-453A33E5BFAD}.MinSizeRel|Win32.ActiveCfg = MinSizeRel|Win32
		{D9C646AA-6956-4731-8688-453A33E5BFAD}.MinSizeRel|Win32.Build.0 = MinSizeRel|Win32
		{D9C646AA-6956-4731-8688-453A33E5BFAD}.RelWithDebInfo|Win32.ActiveCfg = RelWithDebInfo|Win32
		{D9C646AA-6956-4731-8688-453A33E5BFAD}.RelWithDebInfo|Win32.Build.0 = RelWithDebInfo|Win32
	EndGlobalSection
	GlobalSection(ExtensibilityGlobals) = postSolution
	EndGlobalSection
	GlobalSection(ExtensibilityAddIns) = postSolution
	EndGlobalSection
EndGlobal
